PODS:
  - Alamofire (5.4.4)
  - BonMot (6.0.0)
  - BZMWebViewJSBridge (1.0.0)
  - Differentiator (4.0.1)
  - DZNEmptyDataSet (1.8.1)
  - FCUUID (1.3.1):
    - UICKeyChainStore (~> 2.1.0)
  - Kingfisher (5.15.7):
    - Kingfisher/Core (= 5.15.7)
  - Kingfisher/Core (5.15.7)
  - MJRefresh (3.6.1)
  - Moya/Core (14.0.0):
    - Alamofire (~> 5.0)
  - Moya/RxSwift (14.0.0):
    - Moya/Core
    - RxSwift (~> 5.0)
  - "NSObject+Rx (5.1.0)":
    - RxSwift (~> 5.1)
  - ObjectMapper (4.2.0)
  - QMUIKit/QMUICore (4.3.0):
    - QMUIKit/QMUILog
    - QMUIKit/QMUIWeakObjectContainer
  - QMUIKit/QMUILog (4.3.0)
  - QMUIKit/QMUIWeakObjectContainer (4.3.0)
  - ReactorKit (2.1.1):
    - RxSwift (~> 5.0)
    - WeakMapTable (~> 1.1)
  - RxCocoa (5.1.3):
    - RxRelay (~> 5)
    - RxSwift (~> 5)
  - RxDataSources (4.0.1):
    - Differentiator (~> 4.0)
    - RxCocoa (~> 5.0)
    - RxSwift (~> 5.0)
  - RxRelay (5.1.3):
    - RxSwift (~> 5)
  - RxSwift (5.1.3)
  - RxTheme (4.1.1):
    - RxCocoa (~> 5.0)
    - RxSwift (~> 5.0)
  - SWFrame (1.5.6):
    - BonMot (= 6.0.0)
    - BZMWebViewJSBridge (= 1.0.0)
    - DZNEmptyDataSet (= 1.8.1)
    - FCUUID (= 1.3.1)
    - Kingfisher (= 5.15.7)
    - MJRefresh (= 3.6.1)
    - Moya/RxSwift (= 14.0.0)
    - "NSObject+Rx (= 5.1.0)"
    - ObjectMapper (= 4.2.0)
    - QMUIKit/QMUICore (= 4.3.0)
    - ReactorKit (= 2.1.1)
    - RxDataSources (= 4.0.1)
    - RxTheme (= 4.1.1)
    - SwifterSwift (= 5.2.0)
    - SwiftyBeaver (= 1.9.4)
    - URLNavigator (= 2.3.0)
  - SwifterSwift (5.2.0):
    - SwifterSwift/AppKit (= 5.2.0)
    - SwifterSwift/CoreAnimation (= 5.2.0)
    - SwifterSwift/CoreGraphics (= 5.2.0)
    - SwifterSwift/CoreLocation (= 5.2.0)
    - SwifterSwift/Dispatch (= 5.2.0)
    - SwifterSwift/Foundation (= 5.2.0)
    - SwifterSwift/MapKit (= 5.2.0)
    - SwifterSwift/SceneKit (= 5.2.0)
    - SwifterSwift/SpriteKit (= 5.2.0)
    - SwifterSwift/StoreKit (= 5.2.0)
    - SwifterSwift/SwiftStdlib (= 5.2.0)
    - SwifterSwift/UIKit (= 5.2.0)
  - SwifterSwift/AppKit (5.2.0)
  - SwifterSwift/CoreAnimation (5.2.0)
  - SwifterSwift/CoreGraphics (5.2.0)
  - SwifterSwift/CoreLocation (5.2.0)
  - SwifterSwift/Dispatch (5.2.0)
  - SwifterSwift/Foundation (5.2.0)
  - SwifterSwift/MapKit (5.2.0)
  - SwifterSwift/SceneKit (5.2.0)
  - SwifterSwift/SpriteKit (5.2.0)
  - SwifterSwift/StoreKit (5.2.0)
  - SwifterSwift/SwiftStdlib (5.2.0)
  - SwifterSwift/UIKit (5.2.0)
  - SwiftyBeaver (1.9.4)
  - UICKeyChainStore (2.1.2)
  - URLNavigator (2.3.0)
  - WeakMapTable (1.2.0)

DEPENDENCIES:
  - SWFrame (from `../`)

SPEC REPOS:
  trunk:
    - Alamofire
    - BonMot
    - BZMWebViewJSBridge
    - Differentiator
    - DZNEmptyDataSet
    - FCUUID
    - Kingfisher
    - MJRefresh
    - Moya
    - "NSObject+Rx"
    - ObjectMapper
    - QMUIKit
    - ReactorKit
    - RxCocoa
    - RxDataSources
    - RxRelay
    - RxSwift
    - RxTheme
    - SwifterSwift
    - SwiftyBeaver
    - UICKeyChainStore
    - URLNavigator
    - WeakMapTable

EXTERNAL SOURCES:
  SWFrame:
    :path: "../"

SPEC CHECKSUMS:
  Alamofire: f3b09a368f1582ab751b3fff5460276e0d2cf5c9
  BonMot: fb2b6a2209cb3149aca37b7131d49c051c04ae86
  BZMWebViewJSBridge: e50f14b0008b77b04edcfe2d08488177ef67020c
  Differentiator: 886080237d9f87f322641dedbc5be257061b0602
  DZNEmptyDataSet: 9525833b9e68ac21c30253e1d3d7076cc828eaa7
  FCUUID: bb054fc90cd7cd99320f9f6ff8e130fe607fba05
  Kingfisher: 6e1a13523fcb1c86924ce53affe4ac957e544d59
  MJRefresh: d2c1970d1cf6e77fcfcdfe76c943dfab8dbfa5c1
  Moya: 5b45dacb75adb009f97fde91c204c1e565d31916
  "NSObject+Rx": fa6bbcc1ab1faa06b01466bc09b1e0692bbc5946
  ObjectMapper: 1eb41f610210777375fa806bf161dc39fb832b81
  QMUIKit: 67888be9aa0ee0b12b8a219fcea2eec900afd841
  ReactorKit: 6d894a20c3d508344320901cd8e386fde92df4b6
  RxCocoa: e2ed092d5432e4296aa818021d27de4090ac0354
  RxDataSources: efee07fa4de48477eca0a4611e6d11e2da9c1114
  RxRelay: 5a18c2eb2d68326ebaf0112f80d837ae41b92b97
  RxSwift: 915abbdfb62214aa89ccd0b194d44fb478019b27
  RxTheme: 7cda2f036363a0b620cf07b3480cbbbbb00c1d25
  SWFrame: 2758a714159725bb7402d157af1eed37d84d739a
  SwifterSwift: 334181863c416882d97b7a60c05054d9e4d799e2
  SwiftyBeaver: 576177b2c5c94b3aedd5993914e91271a0524e88
  UICKeyChainStore: 85db518bb1d294366d15ec9b92a416c4e670518f
  URLNavigator: 2593c0e2d293732ec5c44503cf54dceba1a68085
  WeakMapTable: 05c694ce8439a7a9ebabb56187287a63c57673d6

PODFILE CHECKSUM: 3d1c197b4ecc81280f37e581563bad1e5870d2f1

COCOAPODS: 1.10.1
