PODS:
  - Alamofire (5.2.2)
  - BonMot (5.5.1)
  - Differentiator (4.0.1)
  - DZNEmptyDataSet (1.8.1)
  - ESPullToRefresh (2.9.2)
  - FCUUID (1.3.1):
    - UICKeyChainStore (~> 2.1.0)
  - Kingfisher (5.14.0):
    - Kingfisher/Core (= 5.14.0)
  - Kingfisher/Core (5.14.0)
  - Moya/Core (14.0.0):
    - Alamofire (~> 5.0)
  - Moya/RxSwift (14.0.0):
    - Moya/Core
    - RxSwift (~> 5.0)
  - "NSObject+Rx (5.1.0)":
    - RxSwift (~> 5.1)
  - ObjectMapper (4.2.0)
  - QMUIKit/QMUICore (4.1.3):
    - QMUIKit/QMUILog
    - QMUIKit/QMUIWeakObjectContainer
  - QMUIKit/QMUILog (4.1.3)
  - QMUIKit/QMUIWeakObjectContainer (4.1.3)
  - ReachabilitySwift (5.0.0)
  - ReactorKit (2.1.0):
    - RxSwift (~> 5.0)
    - WeakMapTable (~> 1.1)
  - RxCocoa (5.1.1):
    - RxRelay (~> 5)
    - RxSwift (~> 5)
  - RxDataSources (4.0.1):
    - Differentiator (~> 4.0)
    - RxCocoa (~> 5.0)
    - RxSwift (~> 5.0)
  - RxRelay (5.1.1):
    - RxSwift (~> 5)
  - RxSwift (5.1.1)
  - RxSwiftExt (5.2.0):
    - RxSwiftExt/Core (= 5.2.0)
    - RxSwiftExt/RxCocoa (= 5.2.0)
  - RxSwiftExt/Core (5.2.0):
    - RxSwift (~> 5.0)
  - RxSwiftExt/RxCocoa (5.2.0):
    - RxCocoa (~> 5.0)
    - RxSwiftExt/Core
  - RxViewController (1.0.0):
    - RxCocoa (~> 5.0)
    - RxSwift (~> 5.0)
  - SWFrame (2.0.0):
    - BonMot (= 5.5.1)
    - DZNEmptyDataSet (= 1.8.1)
    - ESPullToRefresh (= 2.9.2)
    - FCUUID (= 1.3.1)
    - Kingfisher (= 5.14.0)
    - Moya/RxSwift (= 14.0.0)
    - "NSObject+Rx (= 5.1.0)"
    - ObjectMapper (= 4.2.0)
    - QMUIKit/QMUICore (= 4.1.3)
    - ReachabilitySwift (= 5.0.0)
    - ReactorKit (= 2.1.0)
    - RxDataSources (= 4.0.1)
    - RxSwiftExt (= 5.2.0)
    - RxViewController (= 1.0.0)
    - SwifterSwift (= 5.2.0)
    - SwiftyBeaver (= 1.9.1)
    - URLNavigator (= 2.3.0)
  - SwifterSwift (5.2.0):
    - SwifterSwift/AppKit (= 5.2.0)
    - SwifterSwift/CoreAnimation (= 5.2.0)
    - SwifterSwift/CoreGraphics (= 5.2.0)
    - SwifterSwift/CoreLocation (= 5.2.0)
    - SwifterSwift/Dispatch (= 5.2.0)
    - SwifterSwift/Foundation (= 5.2.0)
    - SwifterSwift/MapKit (= 5.2.0)
    - SwifterSwift/SceneKit (= 5.2.0)
    - SwifterSwift/SpriteKit (= 5.2.0)
    - SwifterSwift/StoreKit (= 5.2.0)
    - SwifterSwift/SwiftStdlib (= 5.2.0)
    - SwifterSwift/UIKit (= 5.2.0)
  - SwifterSwift/AppKit (5.2.0)
  - SwifterSwift/CoreAnimation (5.2.0)
  - SwifterSwift/CoreGraphics (5.2.0)
  - SwifterSwift/CoreLocation (5.2.0)
  - SwifterSwift/Dispatch (5.2.0)
  - SwifterSwift/Foundation (5.2.0)
  - SwifterSwift/MapKit (5.2.0)
  - SwifterSwift/SceneKit (5.2.0)
  - SwifterSwift/SpriteKit (5.2.0)
  - SwifterSwift/StoreKit (5.2.0)
  - SwifterSwift/SwiftStdlib (5.2.0)
  - SwifterSwift/UIKit (5.2.0)
  - SwiftyBeaver (1.9.1)
  - UICKeyChainStore (2.1.2)
  - URLNavigator (2.3.0)
  - WeakMapTable (1.1.0)

DEPENDENCIES:
  - SWFrame (from `../`)

SPEC REPOS:
  trunk:
    - Alamofire
    - BonMot
    - Differentiator
    - DZNEmptyDataSet
    - ESPullToRefresh
    - FCUUID
    - Kingfisher
    - Moya
    - "NSObject+Rx"
    - ObjectMapper
    - QMUIKit
    - ReachabilitySwift
    - ReactorKit
    - RxCocoa
    - RxDataSources
    - RxRelay
    - RxSwift
    - RxSwiftExt
    - RxViewController
    - SwifterSwift
    - SwiftyBeaver
    - UICKeyChainStore
    - URLNavigator
    - WeakMapTable

EXTERNAL SOURCES:
  SWFrame:
    :path: "../"

SPEC CHECKSUMS:
  Alamofire: 814429acc853c6c54ff123fc3d2ef66803823ce0
  BonMot: 0d179476725af81f622a6d9f660f43048070016a
  Differentiator: 886080237d9f87f322641dedbc5be257061b0602
  DZNEmptyDataSet: 9525833b9e68ac21c30253e1d3d7076cc828eaa7
  ESPullToRefresh: efed00d52597065e9a84e1e52fa444fdb1a1dee0
  FCUUID: bb054fc90cd7cd99320f9f6ff8e130fe607fba05
  Kingfisher: 7b64389a43139c903ec434788344c288217c792d
  Moya: 5b45dacb75adb009f97fde91c204c1e565d31916
  "NSObject+Rx": fa6bbcc1ab1faa06b01466bc09b1e0692bbc5946
  ObjectMapper: 1eb41f610210777375fa806bf161dc39fb832b81
  QMUIKit: 1063a99f90aedd6e2dd65026ce0df46e6785e67b
  ReachabilitySwift: 985039c6f7b23a1da463388634119492ff86c825
  ReactorKit: 12a93358c554bb3f167b16b14c40374fa9cd5acd
  RxCocoa: 32065309a38d29b5b0db858819b5bf9ef038b601
  RxDataSources: efee07fa4de48477eca0a4611e6d11e2da9c1114
  RxRelay: d77f7d771495f43c556cbc43eebd1bb54d01e8e9
  RxSwift: 81470a2074fa8780320ea5fe4102807cb7118178
  RxSwiftExt: 4ca80336f43c28f11a2825cdd2fc61dd6c044697
  RxViewController: 7330a46e5c31cd680db169da4c9fc8676e975a81
  SWFrame: eab32e56f57155793bd867d29332888072018941
  SwifterSwift: 334181863c416882d97b7a60c05054d9e4d799e2
  SwiftyBeaver: a1f5691458561414bcfab51874b2b7445451602b
  UICKeyChainStore: 85db518bb1d294366d15ec9b92a416c4e670518f
  URLNavigator: 2593c0e2d293732ec5c44503cf54dceba1a68085
  WeakMapTable: d0327eda092be6a8f7c532942ae98dc7948f5d32

PODFILE CHECKSUM: e47e6381307d9a4b9e95316207aaf1eedd9f2fdf

COCOAPODS: 1.9.3
